<Solution>
  <Folder Name="/src/">
    <Project Path="src/MacroStudio.Application/MacroStudio.Application.csproj" />
    <Project Path="src/MacroStudio.Domain/MacroStudio.Domain.csproj" />
    <Project Path="src/MacroStudio.Infrastructure/MacroStudio.Infrastructure.csproj" />
    <Project Path="src/MacroStudio.Presentation/MacroStudio.Presentation.csproj" />
  </Folder>
  <Folder Name="/tests/">
    <Project Path="tests/MacroStudio.Tests/MacroStudio.Tests.csproj" />
  </Folder>
</Solution>
